{
  "nodes": {
    "clash-compiler": {
      "flake": false,
      "locked": {
        "lastModified": 1622818988,
        "narHash": "sha256-LlBUOarN56Grb1Uk+7zbuvaQkLgQbBIuGupLv/EhepI=",
        "owner": "clash-lang",
        "repo": "clash-compiler",
        "rev": "aaf15590d74b9477cfca96c0ab40e27e1b678ab3",
        "type": "github"
      },
      "original": {
        "owner": "clash-lang",
        "ref": "master",
        "repo": "clash-compiler",
        "type": "github"
      }
    },
    "flake-compat": {
      "flake": false,
      "locked": {
        "lastModified": 1606424373,
        "narHash": "sha256-oq8d4//CJOrVj+EcOaSXvMebvuTkmBJuT5tzlfewUnQ=",
        "owner": "edolstra",
        "repo": "flake-compat",
        "rev": "99f1c2157fba4bfe6211a321fd0ee43199025dbf",
        "type": "github"
      },
      "original": {
        "owner": "edolstra",
        "repo": "flake-compat",
        "type": "github"
      }
    },
    "flake-utils": {
      "locked": {
        "lastModified": 1623875721,
        "narHash": "sha256-A8BU7bjS5GirpAUv4QA+QnJ4CceLHkcXdRp4xITDB0s=",
        "owner": "numtide",
        "repo": "flake-utils",
        "rev": "f7e004a55b120c02ecb6219596820fcd32ca8772",
        "type": "github"
      },
      "original": {
        "owner": "numtide",
        "repo": "flake-utils",
        "type": "github"
      }
    },
    "flake-utils_2": {
      "locked": {
        "lastModified": 1620759905,
        "narHash": "sha256-WiyWawrgmyN0EdmiHyG2V+fqReiVi8bM9cRdMaKQOFg=",
        "owner": "numtide",
        "repo": "flake-utils",
        "rev": "b543720b25df6ffdfcf9227afafc5b8c1fabfae8",
        "type": "github"
      },
      "original": {
        "owner": "numtide",
        "repo": "flake-utils",
        "type": "github"
      }
    },
    "gitignore": {
      "flake": false,
      "locked": {
        "lastModified": 1611672876,
        "narHash": "sha256-qHu3uZ/o9jBHiA3MEKHJ06k7w4heOhA+4HCSIvflRxo=",
        "owner": "hercules-ci",
        "repo": "gitignore.nix",
        "rev": "211907489e9f198594c0eb0ca9256a1949c9d412",
        "type": "github"
      },
      "original": {
        "owner": "hercules-ci",
        "repo": "gitignore.nix",
        "type": "github"
      }
    },
    "haskell-language-server": {
      "inputs": {
        "flake-compat": "flake-compat",
        "flake-utils": "flake-utils_2",
        "gitignore": "gitignore",
        "nixpkgs": [
          "nixpkgs"
        ],
        "pre-commit-hooks": "pre-commit-hooks"
      },
      "locked": {
        "lastModified": 1624304000,
        "narHash": "sha256-pVGoF6/+o5wIs/G616GHyEE4/KdYxA1vZfBMBfpSNoM=",
        "owner": "haskell",
        "repo": "haskell-language-server",
        "rev": "d4e2a6f6af9bc2536f6b3208f236546a74484004",
        "type": "github"
      },
      "original": {
        "owner": "haskell",
        "ref": "master",
        "repo": "haskell-language-server",
        "type": "github"
      }
    },
    "nixpkgs": {
      "locked": {
        "lastModified": 1624380807,
        "narHash": "sha256-dwl0wuu+sO++hV80jEpkx92FmapRVFM/XZUx8xyutaY=",
        "owner": "nixos",
        "repo": "nixpkgs",
        "rev": "d26902aef932e80eb772026433af13ce662e7872",
        "type": "github"
      },
      "original": {
        "owner": "nixos",
        "ref": "master",
        "repo": "nixpkgs",
        "type": "github"
      }
    },
    "pre-commit-hooks": {
      "inputs": {
        "flake-utils": [
          "flake-utils"
        ],
        "nixpkgs": [
          "nixpkgs"
        ]
      },
      "locked": {
        "lastModified": 1620897287,
        "narHash": "sha256-UU0SysjA5h1NMCQhA0lKaeqy9gCBqpq/5dW1BWLbIXo=",
        "owner": "cachix",
        "repo": "pre-commit-hooks.nix",
        "rev": "40a51af82c1181b9dea3526c4124eee077e30213",
        "type": "github"
      },
      "original": {
        "owner": "cachix",
        "repo": "pre-commit-hooks.nix",
        "type": "github"
      }
    },
    "root": {
      "inputs": {
        "clash-compiler": "clash-compiler",
        "flake-utils": "flake-utils",
        "haskell-language-server": "haskell-language-server",
        "nixpkgs": "nixpkgs"
      }
    }
  },
  "root": "root",
  "version": 7
}
