{
  "nodes": {
    "clash-compiler": {
      "flake": false,
      "locked": {
        "lastModified": 1622818988,
        "narHash": "sha256-LlBUOarN56Grb1Uk+7zbuvaQkLgQbBIuGupLv/EhepI=",
        "owner": "clash-lang",
        "repo": "clash-compiler",
        "rev": "aaf15590d74b9477cfca96c0ab40e27e1b678ab3",
        "type": "github"
      },
      "original": {
        "owner": "clash-lang",
        "ref": "master",
        "repo": "clash-compiler",
        "type": "github"
      }
    },
    "clash-shake": {
      "flake": false,
      "locked": {
        "lastModified": 1615426181,
        "narHash": "sha256-Nxf2a7KzhnFFfBO24G4gGaQDTz9bD6XtIlQruqprDNg=",
        "owner": "gergoerdi",
        "repo": "clash-shake",
        "rev": "ed20d982c034a285f18403b76eb9d511524649fb",
        "type": "github"
      },
      "original": {
        "owner": "gergoerdi",
        "ref": "master",
        "repo": "clash-shake",
        "type": "github"
      }
    },
    "nixpkgs": {
      "locked": {
        "lastModified": 1621944132,
        "narHash": "sha256-UJukvm7vSdGZv3yCY+eVzzNFt13/U2r3hJriE9QOICg=",
        "owner": "vkleen",
        "repo": "nixpkgs",
        "rev": "92063174f7ec354d30155340705a6edf1b8e61c8",
        "type": "github"
      },
      "original": {
        "owner": "vkleen",
        "ref": "local",
        "repo": "nixpkgs",
        "type": "github"
      }
    },
    "root": {
      "inputs": {
        "clash-compiler": "clash-compiler",
        "clash-shake": "clash-shake",
        "nixpkgs": "nixpkgs"
      }
    }
  },
  "root": "root",
  "version": 7
}
